
Microsoft Visual Studio Solution File, Format Version 12.00
# Visual Studio Version 17
VisualStudioVersion = 17.6.33829.357
MinimumVisualStudioVersion = 10.0.40219.1
Project("{8BC9CEB8-8B4A-11D0-8D11-00A0C91BC942}") = "Fracciones_objetosv3", "Fracciones_objetosv3\Fracciones_objetosv3.vcxproj", "{9636F398-B51C-450A-8917-EA02131EB9CD}"
EndProject
Global
	GlobalSection(SolutionConfigurationPlatforms) = preSolution
		Debug|x64 = Debug|x64
		Debug|x86 = Debug|x86
		Release|x64 = Release|x64
		Release|x86 = Release|x86
	EndGlobalSection
	GlobalSection(ProjectConfigurationPlatforms) = postSolution
		{9636F398-B51C-450A-8917-EA02131EB9CD}.Debug|x64.ActiveCfg = Debug|x64
		{9636F398-B51C-450A-8917-EA02131EB9CD}.Debug|x64.Build.0 = Debug|x64
		{9636F398-B51C-450A-8917-EA02131EB9CD}.Debug|x86.ActiveCfg = Debug|Win32
		{9636F398-B51C-450A-8917-EA02131EB9CD}.Debug|x86.Build.0 = Debug|Win32
		{9636F398-B51C-450A-8917-EA02131EB9CD}.Release|x64.ActiveCfg = Release|x64
		{9636F398-B51C-450A-8917-EA02131EB9CD}.Release|x64.Build.0 = Release|x64
		{9636F398-B51C-450A-8917-EA02131EB9CD}.Release|x86.ActiveCfg = Release|Win32
		{9636F398-B51C-450A-8917-EA02131EB9CD}.Release|x86.Build.0 = Release|Win32
	EndGlobalSection
	GlobalSection(SolutionProperties) = preSolution
		HideSolutionNode = FALSE
	EndGlobalSection
	GlobalSection(ExtensibilityGlobals) = postSolution
		SolutionGuid = {DBF601C7-98A0-46F0-AB35-E69209479ADA}
	EndGlobalSection
EndGlobal
